# This file is autogenerated, do not edit; changes may be undone by the next 'dep ensure'.


[[projects]]
  digest = "1:602649ff074ccee9273e1d3b25c4069f13a70fa0c232957c7d68a6f02fb7a9ea"
  name = "github.com/Azure/azure-pipeline-go"
  packages = ["pipeline"]
  pruneopts = "UT"
  revision = "232aee85e8e3a6223a11c0943f7df2ae0fac00e4"
  version = "v0.2.2"

[[projects]]
  digest = "1:5041865c1d50f6c46e3aa0638741539129d0a48924abdcc850f93c53af5cac36"
  name = "github.com/Azure/azure-storage-blob-go"
  packages = ["azblob"]
  pruneopts = "UT"
  revision = "fc700035fe4a7020f50d49f420b3c088aed57e03"
  version = "v0.8.0"

[[projects]]
  digest = "1:5ec447d14775a5293bcdecac18837f8f76c21c089a565af1951e1675d0c32c30"
  name = "github.com/gorilla/context"
  packages = ["."]
  pruneopts = "UT"
  revision = "708054d61e5a2918b9f4e9700000ee611dcf03f5"

[[projects]]
  digest = "1:bbe96e85bec9b2793033843b18032e5dd96f301995c7643cfbf70f0cabb12e6d"
  name = "github.com/gorilla/mux"
  packages = ["."]
  pruneopts = "UT"
  revision = "e718e932ee606838744df844eb75064959eb74bc"

[[projects]]
  branch = "master"
  digest = "1:2f668f56e7946a15f65b4696136704569a17cb6a046e89ab0e098f1f7d9945df"
  name = "github.com/mattn/go-ieproxy"
  packages = ["."]
  pruneopts = "UT"
  revision = "f9202b1cfdeb0c82ddd3dc1e8e9cd94b3c0c1b13"

[[projects]]
  branch = "master"
  digest = "1:eed34f58b48a40c48d4072fdbe70b8c8992875539d193fca02f7a8cdcd99663f"
  name = "golang.org/x/net"
  packages = [
    "http/httpproxy",
    "idna",
  ]
  pruneopts = "UT"
  revision = "c8589233b77dde5edd2205ba8a4fb5c9c2472556"

[[projects]]
  branch = "master"
  digest = "1:f2e61a74965fb327953c87c9d68fe4ae2abd64348dc29cf858aed2610f6ee3b1"
  name = "golang.org/x/sys"
  packages = [
    "windows",
    "windows/registry",
  ]
  pruneopts = "UT"
  revision = "8a69140bde95ee56138cac9d942a13d472e4188d"

[[projects]]
  digest = "1:8d8faad6b12a3a4c819a3f9618cb6ee1fa1cfc33253abeeea8b55336721e3405"
  name = "golang.org/x/text"
  packages = [
    "collate",
    "collate/build",
    "internal/colltab",
    "internal/gen",
    "internal/language",
    "internal/language/compact",
    "internal/tag",
    "internal/triegen",
    "internal/ucd",
    "language",
    "secure/bidirule",
    "transform",
    "unicode/bidi",
    "unicode/cldr",
    "unicode/norm",
    "unicode/rangetable",
  ]
  pruneopts = "UT"
  revision = "342b2e1fbaa52c93f31447ad2c6abc048c63e475"
  version = "v0.3.2"

[solve-meta]
  analyzer-name = "dep"
  analyzer-version = 1
  input-imports = [
    "github.com/Azure/azure-storage-blob-go/azblob",
    "github.com/gorilla/mux",
  ]
  solver-name = "gps-cdcl"
  solver-version = 1
